# THIS IS AN AUTOGENERATED FILE. DO NOT EDIT THIS FILE DIRECTLY.
# yarn lockfile v1


njs-types@^0.7.12:
  version "0.7.12"
  resolved "https://registry.yarnpkg.com/njs-types/-/njs-types-0.7.12.tgz#e24b22b25b7a79e765ed5b9350c050adfb822c1c"
  integrity sha512-aK90wmQsUlhKUO/CelE0TCNKUAkRiE46BB7EhCZDkbiHFhuEuSsHCkw6f/KfNazxYsyeefqAM5HlCHjmJGSULA==
